
Microsoft Visual Studio Solution File, Format Version 12.00
Project("{FAE04EC0-301F-11D3-BF4B-00C04F79EFBC}") = "WebApi", "WebApi\WebApi.csproj", "{FE9FF2B1-3E45-429B-A457-EFE04C0A8BA6}"
EndProject
Global
	GlobalSection(SolutionConfigurationPlatforms) = preSolution
		Debug|Any CPU = Debug|Any CPU
		Release|Any CPU = Release|Any CPU
	EndGlobalSection
	GlobalSection(ProjectConfigurationPlatforms) = postSolution
		{FE9FF2B1-3E45-429B-A457-EFE04C0A8BA6}.Debug|Any CPU.ActiveCfg = Debug|Any CPU
		{FE9FF2B1-3E45-429B-A457-EFE04C0A8BA6}.Debug|Any CPU.Build.0 = Debug|Any CPU
		{FE9FF2B1-3E45-429B-A457-EFE04C0A8BA6}.Release|Any CPU.ActiveCfg = Release|Any CPU
		{FE9FF2B1-3E45-429B-A457-EFE04C0A8BA6}.Release|Any CPU.Build.0 = Release|Any CPU
	EndGlobalSection
EndGlobal
